
Microsoft Visual Studio Solution File, Format Version 11.00
# Visual Studio 2010
Project("{2857B73E-F847-4B02-9238-064979017E93}") = "find_it", "find_it\find_it.cproj", "{38A015BD-49FD-462F-BCD7-2E809C222441}"
EndProject
Global
	GlobalSection(SolutionConfigurationPlatforms) = preSolution
		Debug|Any CPU = Debug|Any CPU
		Release|Any CPU = Release|Any CPU
	EndGlobalSection
	GlobalSection(ProjectConfigurationPlatforms) = postSolution
		{38A015BD-49FD-462F-BCD7-2E809C222441}.Debug|Any CPU.ActiveCfg = Debug|Any CPU
		{38A015BD-49FD-462F-BCD7-2E809C222441}.Debug|Any CPU.Build.0 = Debug|Any CPU
		{38A015BD-49FD-462F-BCD7-2E809C222441}.Release|Any CPU.ActiveCfg = Release|Any CPU
		{38A015BD-49FD-462F-BCD7-2E809C222441}.Release|Any CPU.Build.0 = Release|Any CPU
	EndGlobalSection
	GlobalSection(MonoDevelopProperties) = preSolution
		StartupItem = find_it\find_it.cproj
	EndGlobalSection
EndGlobal
